// !$*UTF8*$!
{
	archiveVersion = 1;
	classes = {
	};
	objectVersion = 56;
	objects = {

/* Begin PBXBuildFile section */
		DE207685299C58F20059825D /* DrawfullyApp.swift in Sources */ = {isa = PBXBuildFile; fileRef = DE207684299C58F20059825D /* DrawfullyApp.swift */; };
		DE207687299C58F20059825D /* ContentView.swift in Sources */ = {isa = PBXBuildFile; fileRef = DE207686299C58F20059825D /* ContentView.swift */; };
		DE207689299C58F30059825D /* Assets.xcassets in Resources */ = {isa = PBXBuildFile; fileRef = DE207688299C58F30059825D /* Assets.xcassets */; };
		DE20768D299C58F30059825D /* Preview Assets.xcassets in Resources */ = {isa = PBXBuildFile; fileRef = DE20768C299C58F30059825D /* Preview Assets.xcassets */; };
		DE207694299C592A0059825D /* GoogleService-Info.plist in Resources */ = {isa = PBXBuildFile; fileRef = DE207693299C592A0059825D /* GoogleService-Info.plist */; };
		DE207697299C5A470059825D /* FirebaseAnalytics in Frameworks */ = {isa = PBXBuildFile; productRef = DE207696299C5A470059825D /* FirebaseAnalytics */; };
		DE207699299C5A470059825D /* FirebaseAuth in Frameworks */ = {isa = PBXBuildFile; productRef = DE207698299C5A470059825D /* FirebaseAuth */; };
		DE20769B299C5A470059825D /* FirebaseAuthCombine-Community in Frameworks */ = {isa = PBXBuildFile; productRef = DE20769A299C5A470059825D /* FirebaseAuthCombine-Community */; };
		DE20769D299C5A470059825D /* FirebaseDatabase in Frameworks */ = {isa = PBXBuildFile; productRef = DE20769C299C5A470059825D /* FirebaseDatabase */; };
		DE20769F299C5A470059825D /* FirebaseDatabaseSwift in Frameworks */ = {isa = PBXBuildFile; productRef = DE20769E299C5A470059825D /* FirebaseDatabaseSwift */; };
		DE2076A1299C5A470059825D /* FirebaseFirestore in Frameworks */ = {isa = PBXBuildFile; productRef = DE2076A0299C5A470059825D /* FirebaseFirestore */; };
		DE2076A3299C5A470059825D /* FirebaseFirestoreCombine-Community in Frameworks */ = {isa = PBXBuildFile; productRef = DE2076A2299C5A470059825D /* FirebaseFirestoreCombine-Community */; };
		DE2076A5299C5A470059825D /* FirebaseFirestoreSwift in Frameworks */ = {isa = PBXBuildFile; productRef = DE2076A4299C5A470059825D /* FirebaseFirestoreSwift */; };
		DE2076A7299C5A470059825D /* FirebaseFunctionsCombine-Community in Frameworks */ = {isa = PBXBuildFile; productRef = DE2076A6299C5A470059825D /* FirebaseFunctionsCombine-Community */; };
		DE2076A9299C5A480059825D /* FirebaseMessaging in Frameworks */ = {isa = PBXBuildFile; productRef = DE2076A8299C5A480059825D /* FirebaseMessaging */; };
		DE2076AB299C5A480059825D /* FirebaseStorage in Frameworks */ = {isa = PBXBuildFile; productRef = DE2076AA299C5A480059825D /* FirebaseStorage */; };
		DE2076AD299C5A480059825D /* FirebaseStorageCombine-Community in Frameworks */ = {isa = PBXBuildFile; productRef = DE2076AC299C5A480059825D /* FirebaseStorageCombine-Community */; };
		DE2076AF299C5B0A0059825D /* Launch Screen.storyboard in Resources */ = {isa = PBXBuildFile; fileRef = DE2076AE299C5B0A0059825D /* Launch Screen.storyboard */; };
		DE28053829C8AC8F00207866 /* DeviceKit in Frameworks */ = {isa = PBXBuildFile; productRef = DE28053729C8AC8F00207866 /* DeviceKit */; };
		DE39278129B31CF90083D866 /* SignUp.swift in Sources */ = {isa = PBXBuildFile; fileRef = DE39277F29B31CF90083D866 /* SignUp.swift */; };
		DE39278229B31CF90083D866 /* Login.swift in Sources */ = {isa = PBXBuildFile; fileRef = DE39278029B31CF90083D866 /* Login.swift */; };
		DE5A0FA9299F6420006182C4 /* BottomBar.swift in Sources */ = {isa = PBXBuildFile; fileRef = DE5A0FA8299F6420006182C4 /* BottomBar.swift */; };
		DE5A0FAD299F66A6006182C4 /* DrawingList.swift in Sources */ = {isa = PBXBuildFile; fileRef = DE5A0FAC299F66A6006182C4 /* DrawingList.swift */; };
		DE5A0FB6299F6CC7006182C4 /* Home.swift in Sources */ = {isa = PBXBuildFile; fileRef = DE5A0FB5299F6CC7006182C4 /* Home.swift */; };
		DE5A0FB8299F6CD8006182C4 /* Community.swift in Sources */ = {isa = PBXBuildFile; fileRef = DE5A0FB7299F6CD8006182C4 /* Community.swift */; };
		DE5A0FBA299F6CEC006182C4 /* Add.swift in Sources */ = {isa = PBXBuildFile; fileRef = DE5A0FB9299F6CEC006182C4 /* Add.swift */; };
		DE5A0FBC299F6D01006182C4 /* Search.swift in Sources */ = {isa = PBXBuildFile; fileRef = DE5A0FBB299F6D01006182C4 /* Search.swift */; };
		DE5A0FBE299F6D13006182C4 /* Settings.swift in Sources */ = {isa = PBXBuildFile; fileRef = DE5A0FBD299F6D13006182C4 /* Settings.swift */; };
		DE5A0FC0299F6ED7006182C4 /* HomeImage.swift in Sources */ = {isa = PBXBuildFile; fileRef = DE5A0FBF299F6ED7006182C4 /* HomeImage.swift */; };
		DE5A0FC2299F6EE9006182C4 /* PostModel.swift in Sources */ = {isa = PBXBuildFile; fileRef = DE5A0FC1299F6EE9006182C4 /* PostModel.swift */; };
		DE6542B029E9437500DC3B47 /* CommentModel.swift in Sources */ = {isa = PBXBuildFile; fileRef = DE6542AF29E9437500DC3B47 /* CommentModel.swift */; };
		DE6542B229E9438900DC3B47 /* CommentService.swift in Sources */ = {isa = PBXBuildFile; fileRef = DE6542B129E9438900DC3B47 /* CommentService.swift */; };
		DE6542B429EE03AC00DC3B47 /* CommentCard.swift in Sources */ = {isa = PBXBuildFile; fileRef = DE6542B329EE03AC00DC3B47 /* CommentCard.swift */; };
		DE6542B629EE052A00DC3B47 /* CommentInput.swift in Sources */ = {isa = PBXBuildFile; fileRef = DE6542B529EE052A00DC3B47 /* CommentInput.swift */; };
		DE6542B829EE090D00DC3B47 /* CommentView.swift in Sources */ = {isa = PBXBuildFile; fileRef = DE6542B729EE090D00DC3B47 /* CommentView.swift */; };
		DE6542BA29EE194600DC3B47 /* CommunityService.swift in Sources */ = {isa = PBXBuildFile; fileRef = DE6542B929EE194600DC3B47 /* CommunityService.swift */; };
		DE80F8B329DA56D600DDA645 /* UserModel.swift in Sources */ = {isa = PBXBuildFile; fileRef = DE80F8B229DA56D600DDA645 /* UserModel.swift */; };
		DE80F8B629DA606C00DDA645 /* AuthService.swift in Sources */ = {isa = PBXBuildFile; fileRef = DE80F8B529DA606C00DDA645 /* AuthService.swift */; };
		DE80F8B829DA897000DDA645 /* StorageService.swift in Sources */ = {isa = PBXBuildFile; fileRef = DE80F8B729DA897000DDA645 /* StorageService.swift */; };
		DE80F8BA29DA96D900DDA645 /* ImagePicker.swift in Sources */ = {isa = PBXBuildFile; fileRef = DE80F8B929DA96D900DDA645 /* ImagePicker.swift */; };
		DE80F8BC29DAA9D400DDA645 /* SessionStore.swift in Sources */ = {isa = PBXBuildFile; fileRef = DE80F8BB29DAA9D400DDA645 /* SessionStore.swift */; };
		DE878F0729DE217C000BA28D /* PostService.swift in Sources */ = {isa = PBXBuildFile; fileRef = DE878F0629DE217C000BA28D /* PostService.swift */; };
		DE95887829D69B5400C20BDE /* SelectedImage.swift in Sources */ = {isa = PBXBuildFile; fileRef = DE95887729D69B5400C20BDE /* SelectedImage.swift */; };
		DEE9BEF629B339E000F37FF4 /* SimpleToast in Frameworks */ = {isa = PBXBuildFile; productRef = DEE9BEF529B339E000F37FF4 /* SimpleToast */; };
		DEE9BEF929B34FD800F37FF4 /* FirebaseManager.swift in Sources */ = {isa = PBXBuildFile; fileRef = DEE9BEF829B34FD800F37FF4 /* FirebaseManager.swift */; };
		DEEA8F2729DF9B6400287C37 /* PostCardService.swift in Sources */ = {isa = PBXBuildFile; fileRef = DEEA8F2629DF9B6400287C37 /* PostCardService.swift */; };
		DEEA8F2929DF9B7500287C37 /* PostCard.swift in Sources */ = {isa = PBXBuildFile; fileRef = DEEA8F2829DF9B7500287C37 /* PostCard.swift */; };
		DEEA8F2B29DFA83B00287C37 /* ProfileService.swift in Sources */ = {isa = PBXBuildFile; fileRef = DEEA8F2A29DFA83B00287C37 /* ProfileService.swift */; };
		DEEA8F2D29DFA9BF00287C37 /* PostCardImage.swift in Sources */ = {isa = PBXBuildFile; fileRef = DEEA8F2C29DFA9BF00287C37 /* PostCardImage.swift */; };
		DEEA8F3029DFC0F900287C37 /* SDWebImageSwiftUI in Frameworks */ = {isa = PBXBuildFile; productRef = DEEA8F2F29DFC0F900287C37 /* SDWebImageSwiftUI */; };
		DEFA4B9029D6CB9E00913464 /* Extensions.swift in Sources */ = {isa = PBXBuildFile; fileRef = DEFA4B8F29D6CB9E00913464 /* Extensions.swift */; };
		EEA5504A29C7DEA80094B704 /* SetNotifications.swift in Sources */ = {isa = PBXBuildFile; fileRef = EEA5504929C7DEA80094B704 /* SetNotifications.swift */; };
		EEA5504E29D00D7D0094B704 /* SetUser.swift in Sources */ = {isa = PBXBuildFile; fileRef = EEA5504D29D00D7D0094B704 /* SetUser.swift */; };
		EECE6D7829E1050B00C21D07 /* PostModel.swift in Sources */ = {isa = PBXBuildFile; fileRef = EECE6D7729E1050B00C21D07 /* PostModel.swift */; };
		EECE6D7A29E1083900C21D07 /* SearchQueries.swift in Sources */ = {isa = PBXBuildFile; fileRef = EECE6D7929E1083900C21D07 /* SearchQueries.swift */; };
		EECE6D8329EE19D200C21D07 /* UserView.swift in Sources */ = {isa = PBXBuildFile; fileRef = EECE6D8229EE19D200C21D07 /* UserView.swift */; };
		EEDC097A29BF04C1000D5B71 /* NotificationsManager.swift in Sources */ = {isa = PBXBuildFile; fileRef = EEDC097929BF04C1000D5B71 /* NotificationsManager.swift */; };
/* End PBXBuildFile section */

/* Begin PBXFileReference section */
		DE207681299C58F20059825D /* Drawfully.app */ = {isa = PBXFileReference; explicitFileType = wrapper.application; includeInIndex = 0; path = Drawfully.app; sourceTree = BUILT_PRODUCTS_DIR; };
		DE207684299C58F20059825D /* DrawfullyApp.swift */ = {isa = PBXFileReference; lastKnownFileType = sourcecode.swift; path = DrawfullyApp.swift; sourceTree = "<group>"; };
		DE207686299C58F20059825D /* ContentView.swift */ = {isa = PBXFileReference; lastKnownFileType = sourcecode.swift; path = ContentView.swift; sourceTree = "<group>"; };
		DE207688299C58F30059825D /* Assets.xcassets */ = {isa = PBXFileReference; lastKnownFileType = folder.assetcatalog; path = Assets.xcassets; sourceTree = "<group>"; };
		DE20768A299C58F30059825D /* Drawfully.entitlements */ = {isa = PBXFileReference; lastKnownFileType = text.plist.entitlements; path = Drawfully.entitlements; sourceTree = "<group>"; };
		DE20768C299C58F30059825D /* Preview Assets.xcassets */ = {isa = PBXFileReference; lastKnownFileType = folder.assetcatalog; path = "Preview Assets.xcassets"; sourceTree = "<group>"; };
		DE207693299C592A0059825D /* GoogleService-Info.plist */ = {isa = PBXFileReference; fileEncoding = 4; lastKnownFileType = text.plist.xml; path = "GoogleService-Info.plist"; sourceTree = "<group>"; };
		DE2076AE299C5B0A0059825D /* Launch Screen.storyboard */ = {isa = PBXFileReference; lastKnownFileType = file.storyboard; path = "Launch Screen.storyboard"; sourceTree = "<group>"; };
		DE39277F29B31CF90083D866 /* SignUp.swift */ = {isa = PBXFileReference; fileEncoding = 4; lastKnownFileType = sourcecode.swift; path = SignUp.swift; sourceTree = "<group>"; };
		DE39278029B31CF90083D866 /* Login.swift */ = {isa = PBXFileReference; fileEncoding = 4; lastKnownFileType = sourcecode.swift; path = Login.swift; sourceTree = "<group>"; };
		DE5A0FA8299F6420006182C4 /* BottomBar.swift */ = {isa = PBXFileReference; lastKnownFileType = sourcecode.swift; path = BottomBar.swift; sourceTree = "<group>"; };
		DE5A0FAC299F66A6006182C4 /* DrawingList.swift */ = {isa = PBXFileReference; lastKnownFileType = sourcecode.swift; path = DrawingList.swift; sourceTree = "<group>"; };
		DE5A0FB5299F6CC7006182C4 /* Home.swift */ = {isa = PBXFileReference; lastKnownFileType = sourcecode.swift; path = Home.swift; sourceTree = "<group>"; };
		DE5A0FB7299F6CD8006182C4 /* Community.swift */ = {isa = PBXFileReference; lastKnownFileType = sourcecode.swift; path = Community.swift; sourceTree = "<group>"; };
		DE5A0FB9299F6CEC006182C4 /* Add.swift */ = {isa = PBXFileReference; lastKnownFileType = sourcecode.swift; path = Add.swift; sourceTree = "<group>"; };
		DE5A0FBB299F6D01006182C4 /* Search.swift */ = {isa = PBXFileReference; lastKnownFileType = sourcecode.swift; path = Search.swift; sourceTree = "<group>"; };
		DE5A0FBD299F6D13006182C4 /* Settings.swift */ = {isa = PBXFileReference; lastKnownFileType = sourcecode.swift; path = Settings.swift; sourceTree = "<group>"; };
		DE5A0FBF299F6ED7006182C4 /* HomeImage.swift */ = {isa = PBXFileReference; lastKnownFileType = sourcecode.swift; path = HomeImage.swift; sourceTree = "<group>"; };
		DE5A0FC1299F6EE9006182C4 /* PostModel.swift */ = {isa = PBXFileReference; lastKnownFileType = sourcecode.swift; path = PostModel.swift; sourceTree = "<group>"; };
		DE6542AF29E9437500DC3B47 /* CommentModel.swift */ = {isa = PBXFileReference; lastKnownFileType = sourcecode.swift; path = CommentModel.swift; sourceTree = "<group>"; };
		DE6542B129E9438900DC3B47 /* CommentService.swift */ = {isa = PBXFileReference; lastKnownFileType = sourcecode.swift; path = CommentService.swift; sourceTree = "<group>"; };
		DE6542B329EE03AC00DC3B47 /* CommentCard.swift */ = {isa = PBXFileReference; lastKnownFileType = sourcecode.swift; path = CommentCard.swift; sourceTree = "<group>"; };
		DE6542B529EE052A00DC3B47 /* CommentInput.swift */ = {isa = PBXFileReference; lastKnownFileType = sourcecode.swift; path = CommentInput.swift; sourceTree = "<group>"; };
		DE6542B729EE090D00DC3B47 /* CommentView.swift */ = {isa = PBXFileReference; lastKnownFileType = sourcecode.swift; path = CommentView.swift; sourceTree = "<group>"; };
		DE6542B929EE194600DC3B47 /* CommunityService.swift */ = {isa = PBXFileReference; lastKnownFileType = sourcecode.swift; path = CommunityService.swift; sourceTree = "<group>"; };
		DE80F8B229DA56D600DDA645 /* UserModel.swift */ = {isa = PBXFileReference; lastKnownFileType = sourcecode.swift; path = UserModel.swift; sourceTree = "<group>"; };
		DE80F8B529DA606C00DDA645 /* AuthService.swift */ = {isa = PBXFileReference; lastKnownFileType = sourcecode.swift; path = AuthService.swift; sourceTree = "<group>"; };
		DE80F8B729DA897000DDA645 /* StorageService.swift */ = {isa = PBXFileReference; lastKnownFileType = sourcecode.swift; path = StorageService.swift; sourceTree = "<group>"; };
		DE80F8B929DA96D900DDA645 /* ImagePicker.swift */ = {isa = PBXFileReference; lastKnownFileType = sourcecode.swift; path = ImagePicker.swift; sourceTree = "<group>"; };
		DE80F8BB29DAA9D400DDA645 /* SessionStore.swift */ = {isa = PBXFileReference; lastKnownFileType = sourcecode.swift; path = SessionStore.swift; sourceTree = "<group>"; };
		DE878F0629DE217C000BA28D /* PostService.swift */ = {isa = PBXFileReference; lastKnownFileType = sourcecode.swift; path = PostService.swift; sourceTree = "<group>"; };
		DE95887729D69B5400C20BDE /* SelectedImage.swift */ = {isa = PBXFileReference; lastKnownFileType = sourcecode.swift; path = SelectedImage.swift; sourceTree = "<group>"; };
		DECB177729B0514100544F32 /* Info.plist */ = {isa = PBXFileReference; lastKnownFileType = text.plist; path = Info.plist; sourceTree = "<group>"; };
		DEE9BEF829B34FD800F37FF4 /* FirebaseManager.swift */ = {isa = PBXFileReference; lastKnownFileType = sourcecode.swift; path = FirebaseManager.swift; sourceTree = "<group>"; };
		DEEA8F2629DF9B6400287C37 /* PostCardService.swift */ = {isa = PBXFileReference; lastKnownFileType = sourcecode.swift; path = PostCardService.swift; sourceTree = "<group>"; };
		DEEA8F2829DF9B7500287C37 /* PostCard.swift */ = {isa = PBXFileReference; lastKnownFileType = sourcecode.swift; path = PostCard.swift; sourceTree = "<group>"; };
		DEEA8F2A29DFA83B00287C37 /* ProfileService.swift */ = {isa = PBXFileReference; lastKnownFileType = sourcecode.swift; path = ProfileService.swift; sourceTree = "<group>"; };
		DEEA8F2C29DFA9BF00287C37 /* PostCardImage.swift */ = {isa = PBXFileReference; lastKnownFileType = sourcecode.swift; path = PostCardImage.swift; sourceTree = "<group>"; };
		DEFA4B8F29D6CB9E00913464 /* Extensions.swift */ = {isa = PBXFileReference; lastKnownFileType = sourcecode.swift; path = Extensions.swift; sourceTree = "<group>"; };
		EEA5504929C7DEA80094B704 /* SetNotifications.swift */ = {isa = PBXFileReference; lastKnownFileType = sourcecode.swift; path = SetNotifications.swift; sourceTree = "<group>"; };
		EEA5504D29D00D7D0094B704 /* SetUser.swift */ = {isa = PBXFileReference; lastKnownFileType = sourcecode.swift; path = SetUser.swift; sourceTree = "<group>"; };
		EECE6D7729E1050B00C21D07 /* PostModel.swift */ = {isa = PBXFileReference; fileEncoding = 4; lastKnownFileType = sourcecode.swift; path = PostModel.swift; sourceTree = "<group>"; };
		EECE6D7929E1083900C21D07 /* SearchQueries.swift */ = {isa = PBXFileReference; lastKnownFileType = sourcecode.swift; path = SearchQueries.swift; sourceTree = "<group>"; };
		EECE6D8229EE19D200C21D07 /* UserView.swift */ = {isa = PBXFileReference; lastKnownFileType = sourcecode.swift; path = UserView.swift; sourceTree = "<group>"; };
		EEDC097929BF04C1000D5B71 /* NotificationsManager.swift */ = {isa = PBXFileReference; fileEncoding = 4; lastKnownFileType = sourcecode.swift; path = NotificationsManager.swift; sourceTree = "<group>"; };
/* End PBXFileReference section */

/* Begin PBXFrameworksBuildPhase section */
		DE20767E299C58F20059825D /* Frameworks */ = {
			isa = PBXFrameworksBuildPhase;
			buildActionMask = 2147483647;
			files = (
				DEEA8F3029DFC0F900287C37 /* SDWebImageSwiftUI in Frameworks */,
				DE20769F299C5A470059825D /* FirebaseDatabaseSwift in Frameworks */,
				DE207697299C5A470059825D /* FirebaseAnalytics in Frameworks */,
				DE2076A9299C5A480059825D /* FirebaseMessaging in Frameworks */,
				DE2076A7299C5A470059825D /* FirebaseFunctionsCombine-Community in Frameworks */,
				DEE9BEF629B339E000F37FF4 /* SimpleToast in Frameworks */,
				DE20769B299C5A470059825D /* FirebaseAuthCombine-Community in Frameworks */,
				DE20769D299C5A470059825D /* FirebaseDatabase in Frameworks */,
				DE207699299C5A470059825D /* FirebaseAuth in Frameworks */,
				DE2076A1299C5A470059825D /* FirebaseFirestore in Frameworks */,
				DE2076AB299C5A480059825D /* FirebaseStorage in Frameworks */,
				DE2076A3299C5A470059825D /* FirebaseFirestoreCombine-Community in Frameworks */,
				DE28053829C8AC8F00207866 /* DeviceKit in Frameworks */,
				DE2076AD299C5A480059825D /* FirebaseStorageCombine-Community in Frameworks */,
				DE2076A5299C5A470059825D /* FirebaseFirestoreSwift in Frameworks */,
			);
			runOnlyForDeploymentPostprocessing = 0;
		};
/* End PBXFrameworksBuildPhase section */

/* Begin PBXGroup section */
		DE207678299C58F20059825D = {
			isa = PBXGroup;
			children = (
				DE207683299C58F20059825D /* Drawfully */,
				DE207682299C58F20059825D /* Products */,
			);
			sourceTree = "<group>";
		};
		DE207682299C58F20059825D /* Products */ = {
			isa = PBXGroup;
			children = (
				DE207681299C58F20059825D /* Drawfully.app */,
			);
			name = Products;
			sourceTree = "<group>";
		};
		DE207683299C58F20059825D /* Drawfully */ = {
			isa = PBXGroup;
			children = (
				DE80F8B429DA605E00DDA645 /* Services */,
				DE80F8B129DA56C800DDA645 /* Models */,
				DEE9BEF729B34FAF00F37FF4 /* Utils */,
				EECE6D7F29E12F4000C21D07 /* Startup */,
				DE5A0FA5299F63CB006182C4 /* UI */,
				DE5A0FAE299F6C7A006182C4 /* Home */,
				DE5A0FAF299F6C7F006182C4 /* Community */,
				DE5A0FB0299F6C87006182C4 /* Add */,
				DE5A0FB1299F6C8C006182C4 /* Search */,
				DE5A0FB2299F6C92006182C4 /* Settings */,
				DE5A0FA2299F6309006182C4 /* Drawing */,
				DE207684299C58F20059825D /* DrawfullyApp.swift */,
				DE207686299C58F20059825D /* ContentView.swift */,
				DE2076AE299C5B0A0059825D /* Launch Screen.storyboard */,
				DE207688299C58F30059825D /* Assets.xcassets */,
				DE20768A299C58F30059825D /* Drawfully.entitlements */,
				DE207693299C592A0059825D /* GoogleService-Info.plist */,
				DECB177729B0514100544F32 /* Info.plist */,
				DE20768B299C58F30059825D /* Preview Content */,
			);
			path = Drawfully;
			sourceTree = "<group>";
		};
		DE20768B299C58F30059825D /* Preview Content */ = {
			isa = PBXGroup;
			children = (
				DE20768C299C58F30059825D /* Preview Assets.xcassets */,
			);
			path = "Preview Content";
			sourceTree = "<group>";
		};
		DE5A0FA2299F6309006182C4 /* Drawing */ = {
			isa = PBXGroup;
			children = (
				DE5A0FAC299F66A6006182C4 /* DrawingList.swift */,
			);
			path = Drawing;
			sourceTree = "<group>";
		};
		DE5A0FA5299F63CB006182C4 /* UI */ = {
			isa = PBXGroup;
			children = (
				DE5A0FA8299F6420006182C4 /* BottomBar.swift */,
				DE5A0FBF299F6ED7006182C4 /* HomeImage.swift */,
				DEEA8F2829DF9B7500287C37 /* PostCard.swift */,
				DEEA8F2C29DFA9BF00287C37 /* PostCardImage.swift */,
				DE6542B329EE03AC00DC3B47 /* CommentCard.swift */,
				DE6542B529EE052A00DC3B47 /* CommentInput.swift */,
				DE6542B729EE090D00DC3B47 /* CommentView.swift */,
			);
			path = UI;
			sourceTree = "<group>";
		};
		DE5A0FAE299F6C7A006182C4 /* Home */ = {
			isa = PBXGroup;
			children = (
				DE5A0FB5299F6CC7006182C4 /* Home.swift */,
				DE95887729D69B5400C20BDE /* SelectedImage.swift */,
			);
			path = Home;
			sourceTree = "<group>";
		};
		DE5A0FAF299F6C7F006182C4 /* Community */ = {
			isa = PBXGroup;
			children = (
				DE5A0FB7299F6CD8006182C4 /* Community.swift */,
			);
			path = Community;
			sourceTree = "<group>";
		};
		DE5A0FB0299F6C87006182C4 /* Add */ = {
			isa = PBXGroup;
			children = (
				DE5A0FB9299F6CEC006182C4 /* Add.swift */,
			);
			path = Add;
			sourceTree = "<group>";
		};
		DE5A0FB1299F6C8C006182C4 /* Search */ = {
			isa = PBXGroup;
			children = (
				DE5A0FBB299F6D01006182C4 /* Search.swift */,
				EECE6D7929E1083900C21D07 /* SearchQueries.swift */,
			);
			path = Search;
			sourceTree = "<group>";
		};
		DE5A0FB2299F6C92006182C4 /* Settings */ = {
			isa = PBXGroup;
			children = (
				DE5A0FBD299F6D13006182C4 /* Settings.swift */,
				EEA5504D29D00D7D0094B704 /* SetUser.swift */,
				EEA5504929C7DEA80094B704 /* SetNotifications.swift */,
			);
			path = Settings;
			sourceTree = "<group>";
		};
		DE80F8B129DA56C800DDA645 /* Models */ = {
			isa = PBXGroup;
			children = (
				DE80F8B229DA56D600DDA645 /* UserModel.swift */,
				DE6542AF29E9437500DC3B47 /* CommentModel.swift */,
				EECE6D8229EE19D200C21D07 /* UserView.swift */,
				EECE6D7729E1050B00C21D07 /* PostModel.swift */,
			);
			path = Models;
			sourceTree = "<group>";
		};
		DE80F8B429DA605E00DDA645 /* Services */ = {
			isa = PBXGroup;
			children = (
				EEDC097929BF04C1000D5B71 /* NotificationsManager.swift */,
				DE80F8B529DA606C00DDA645 /* AuthService.swift */,
				DE80F8B729DA897000DDA645 /* StorageService.swift */,
				DE80F8BB29DAA9D400DDA645 /* SessionStore.swift */,
				DE878F0629DE217C000BA28D /* PostService.swift */,
				DEEA8F2629DF9B6400287C37 /* PostCardService.swift */,
				DEEA8F2A29DFA83B00287C37 /* ProfileService.swift */,
				DE6542B129E9438900DC3B47 /* CommentService.swift */,
				DE6542B929EE194600DC3B47 /* CommunityService.swift */,
			);
			path = Services;
			sourceTree = "<group>";
		};
		DEE9BEF729B34FAF00F37FF4 /* Utils */ = {
			isa = PBXGroup;
			children = (
				DEE9BEF829B34FD800F37FF4 /* FirebaseManager.swift */,
				DEFA4B8F29D6CB9E00913464 /* Extensions.swift */,
				DE80F8B929DA96D900DDA645 /* ImagePicker.swift */,
			);
			path = Utils;
			sourceTree = "<group>";
		};
		EECE6D7F29E12F4000C21D07 /* Startup */ = {
			isa = PBXGroup;
			children = (
				DE39278029B31CF90083D866 /* Login.swift */,
				DE39277F29B31CF90083D866 /* SignUp.swift */,
			);
			path = Startup;
			sourceTree = "<group>";
		};
/* End PBXGroup section */

/* Begin PBXNativeTarget section */
		DE207680299C58F20059825D /* Drawfully */ = {
			isa = PBXNativeTarget;
			buildConfigurationList = DE207690299C58F30059825D /* Build configuration list for PBXNativeTarget "Drawfully" */;
			buildPhases = (
				DE20767D299C58F20059825D /* Sources */,
				DE20767E299C58F20059825D /* Frameworks */,
				DE20767F299C58F20059825D /* Resources */,
			);
			buildRules = (
			);
			dependencies = (
			);
			name = Drawfully;
			packageProductDependencies = (
				DE207696299C5A470059825D /* FirebaseAnalytics */,
				DE207698299C5A470059825D /* FirebaseAuth */,
				DE20769A299C5A470059825D /* FirebaseAuthCombine-Community */,
				DE20769C299C5A470059825D /* FirebaseDatabase */,
				DE20769E299C5A470059825D /* FirebaseDatabaseSwift */,
				DE2076A0299C5A470059825D /* FirebaseFirestore */,
				DE2076A2299C5A470059825D /* FirebaseFirestoreCombine-Community */,
				DE2076A4299C5A470059825D /* FirebaseFirestoreSwift */,
				DE2076A6299C5A470059825D /* FirebaseFunctionsCombine-Community */,
				DE2076A8299C5A480059825D /* FirebaseMessaging */,
				DE2076AA299C5A480059825D /* FirebaseStorage */,
				DE2076AC299C5A480059825D /* FirebaseStorageCombine-Community */,
				DEE9BEF529B339E000F37FF4 /* SimpleToast */,
				DE28053729C8AC8F00207866 /* DeviceKit */,
				DEEA8F2F29DFC0F900287C37 /* SDWebImageSwiftUI */,
			);
			productName = Drawfully;
			productReference = DE207681299C58F20059825D /* Drawfully.app */;
			productType = "com.apple.product-type.application";
		};
/* End PBXNativeTarget section */

/* Begin PBXProject section */
		DE207679299C58F20059825D /* Project object */ = {
			isa = PBXProject;
			attributes = {
				BuildIndependentTargetsInParallel = 1;
				LastSwiftUpdateCheck = 1420;
				LastUpgradeCheck = 1420;
				TargetAttributes = {
					DE207680299C58F20059825D = {
						CreatedOnToolsVersion = 14.2;
					};
				};
			};
			buildConfigurationList = DE20767C299C58F20059825D /* Build configuration list for PBXProject "Drawfully" */;
			compatibilityVersion = "Xcode 14.0";
			developmentRegion = en;
			hasScannedForEncodings = 0;
			knownRegions = (
				en,
				Base,
			);
			mainGroup = DE207678299C58F20059825D;
			packageReferences = (
				DE207695299C5A470059825D /* XCRemoteSwiftPackageReference "firebase-ios-sdk" */,
				DEE9BEF429B339E000F37FF4 /* XCRemoteSwiftPackageReference "SimpleToast" */,
				DE28053629C8AC8F00207866 /* XCRemoteSwiftPackageReference "DeviceKit" */,
				DEEA8F2E29DFC0F900287C37 /* XCRemoteSwiftPackageReference "SDWebImageSwiftUI" */,
			);
			productRefGroup = DE207682299C58F20059825D /* Products */;
			projectDirPath = "";
			projectRoot = "";
			targets = (
				DE207680299C58F20059825D /* Drawfully */,
			);
		};
/* End PBXProject section */

/* Begin PBXResourcesBuildPhase section */
		DE20767F299C58F20059825D /* Resources */ = {
			isa = PBXResourcesBuildPhase;
			buildActionMask = 2147483647;
			files = (
				DE20768D299C58F30059825D /* Preview Assets.xcassets in Resources */,
				DE207689299C58F30059825D /* Assets.xcassets in Resources */,
				DE2076AF299C5B0A0059825D /* Launch Screen.storyboard in Resources */,
				DE207694299C592A0059825D /* GoogleService-Info.plist in Resources */,
			);
			runOnlyForDeploymentPostprocessing = 0;
		};
/* End PBXResourcesBuildPhase section */

/* Begin PBXSourcesBuildPhase section */
		DE20767D299C58F20059825D /* Sources */ = {
			isa = PBXSourcesBuildPhase;
			buildActionMask = 2147483647;
			files = (
				EEDC097A29BF04C1000D5B71 /* NotificationsManager.swift in Sources */,
				DEEA8F2729DF9B6400287C37 /* PostCardService.swift in Sources */,
				DE6542BA29EE194600DC3B47 /* CommunityService.swift in Sources */,
				EECE6D8329EE19D200C21D07 /* UserView.swift in Sources */,
				EEDC097A29BF04C1000D5B71 /* NotificationsManager.swift in Sources */,
				DEFA4B9029D6CB9E00913464 /* Extensions.swift in Sources */,
				DE39278129B31CF90083D866 /* SignUp.swift in Sources */,
				DEE9BEF929B34FD800F37FF4 /* FirebaseManager.swift in Sources */,
				DE39278229B31CF90083D866 /* Login.swift in Sources */,
				DE6542B029E9437500DC3B47 /* CommentModel.swift in Sources */,
				DE95887829D69B5400C20BDE /* SelectedImage.swift in Sources */,
				DE80F8B629DA606C00DDA645 /* AuthService.swift in Sources */,
				DE5A0FC0299F6ED7006182C4 /* HomeImage.swift in Sources */,
				DE80F8B829DA897000DDA645 /* StorageService.swift in Sources */,
				DE5A0FAD299F66A6006182C4 /* DrawingList.swift in Sources */,
				DEEA8F2929DF9B7500287C37 /* PostCard.swift in Sources */,
				EEA5504A29C7DEA80094B704 /* SetNotifications.swift in Sources */,
				DE5A0FA9299F6420006182C4 /* BottomBar.swift in Sources */,
				DE6542B629EE052A00DC3B47 /* CommentInput.swift in Sources */,
				DEEA8F2B29DFA83B00287C37 /* ProfileService.swift in Sources */,
				DE6542B829EE090D00DC3B47 /* CommentView.swift in Sources */,
				DE80F8BA29DA96D900DDA645 /* ImagePicker.swift in Sources */,
				DE6542B429EE03AC00DC3B47 /* CommentCard.swift in Sources */,
				DE6542B229E9438900DC3B47 /* CommentService.swift in Sources */,
				DE80F8BC29DAA9D400DDA645 /* SessionStore.swift in Sources */,
				DE5A0FBA299F6CEC006182C4 /* Add.swift in Sources */,
				DE5A0FB6299F6CC7006182C4 /* Home.swift in Sources */,
				DE5A0FB8299F6CD8006182C4 /* Community.swift in Sources */,
				DE5A0FBC299F6D01006182C4 /* Search.swift in Sources */,
				DE80F8B329DA56D600DDA645 /* UserModel.swift in Sources */,
				DE5A0FBE299F6D13006182C4 /* Settings.swift in Sources */,
				EECE6D7829E1050B00C21D07 /* PostModel.swift in Sources */,
				EECE6D7A29E1083900C21D07 /* SearchQueries.swift in Sources */,
				EEA5504E29D00D7D0094B704 /* SetUser.swift in Sources */,
				DE878F0729DE217C000BA28D /* PostService.swift in Sources */,
				DE207687299C58F20059825D /* ContentView.swift in Sources */,
				DE207685299C58F20059825D /* DrawfullyApp.swift in Sources */,
				DEEA8F2D29DFA9BF00287C37 /* PostCardImage.swift in Sources */,
			);
			runOnlyForDeploymentPostprocessing = 0;
		};
/* End PBXSourcesBuildPhase section */

/* Begin XCBuildConfiguration section */
		DE20768E299C58F30059825D /* Debug */ = {
			isa = XCBuildConfiguration;
			buildSettings = {
				ALWAYS_SEARCH_USER_PATHS = NO;
				CLANG_ANALYZER_NONNULL = YES;
				CLANG_ANALYZER_NUMBER_OBJECT_CONVERSION = YES_AGGRESSIVE;
				CLANG_CXX_LANGUAGE_STANDARD = "gnu++20";
				CLANG_ENABLE_MODULES = YES;
				CLANG_ENABLE_OBJC_ARC = YES;
				CLANG_ENABLE_OBJC_WEAK = YES;
				CLANG_WARN_BLOCK_CAPTURE_AUTORELEASING = YES;
				CLANG_WARN_BOOL_CONVERSION = YES;
				CLANG_WARN_COMMA = YES;
				CLANG_WARN_CONSTANT_CONVERSION = YES;
				CLANG_WARN_DEPRECATED_OBJC_IMPLEMENTATIONS = YES;
				CLANG_WARN_DIRECT_OBJC_ISA_USAGE = YES_ERROR;
				CLANG_WARN_DOCUMENTATION_COMMENTS = YES;
				CLANG_WARN_EMPTY_BODY = YES;
				CLANG_WARN_ENUM_CONVERSION = YES;
				CLANG_WARN_INFINITE_RECURSION = YES;
				CLANG_WARN_INT_CONVERSION = YES;
				CLANG_WARN_NON_LITERAL_NULL_CONVERSION = YES;
				CLANG_WARN_OBJC_IMPLICIT_RETAIN_SELF = YES;
				CLANG_WARN_OBJC_LITERAL_CONVERSION = YES;
				CLANG_WARN_OBJC_ROOT_CLASS = YES_ERROR;
				CLANG_WARN_QUOTED_INCLUDE_IN_FRAMEWORK_HEADER = YES;
				CLANG_WARN_RANGE_LOOP_ANALYSIS = YES;
				CLANG_WARN_STRICT_PROTOTYPES = YES;
				CLANG_WARN_SUSPICIOUS_MOVE = YES;
				CLANG_WARN_UNGUARDED_AVAILABILITY = YES_AGGRESSIVE;
				CLANG_WARN_UNREACHABLE_CODE = YES;
				CLANG_WARN__DUPLICATE_METHOD_MATCH = YES;
				COPY_PHASE_STRIP = NO;
				DEBUG_INFORMATION_FORMAT = dwarf;
				ENABLE_STRICT_OBJC_MSGSEND = YES;
				ENABLE_TESTABILITY = YES;
				GCC_C_LANGUAGE_STANDARD = gnu11;
				GCC_DYNAMIC_NO_PIC = NO;
				GCC_NO_COMMON_BLOCKS = YES;
				GCC_OPTIMIZATION_LEVEL = 0;
				GCC_PREPROCESSOR_DEFINITIONS = (
					"DEBUG=1",
					"$(inherited)",
				);
				GCC_WARN_64_TO_32_BIT_CONVERSION = YES;
				GCC_WARN_ABOUT_RETURN_TYPE = YES_ERROR;
				GCC_WARN_UNDECLARED_SELECTOR = YES;
				GCC_WARN_UNINITIALIZED_AUTOS = YES_AGGRESSIVE;
				GCC_WARN_UNUSED_FUNCTION = YES;
				GCC_WARN_UNUSED_VARIABLE = YES;
				MTL_ENABLE_DEBUG_INFO = INCLUDE_SOURCE;
				MTL_FAST_MATH = YES;
				ONLY_ACTIVE_ARCH = YES;
				SWIFT_ACTIVE_COMPILATION_CONDITIONS = DEBUG;
				SWIFT_OPTIMIZATION_LEVEL = "-Onone";
			};
			name = Debug;
		};
		DE20768F299C58F30059825D /* Release */ = {
			isa = XCBuildConfiguration;
			buildSettings = {
				ALWAYS_SEARCH_USER_PATHS = NO;
				CLANG_ANALYZER_NONNULL = YES;
				CLANG_ANALYZER_NUMBER_OBJECT_CONVERSION = YES_AGGRESSIVE;
				CLANG_CXX_LANGUAGE_STANDARD = "gnu++20";
				CLANG_ENABLE_MODULES = YES;
				CLANG_ENABLE_OBJC_ARC = YES;
				CLANG_ENABLE_OBJC_WEAK = YES;
				CLANG_WARN_BLOCK_CAPTURE_AUTORELEASING = YES;
				CLANG_WARN_BOOL_CONVERSION = YES;
				CLANG_WARN_COMMA = YES;
				CLANG_WARN_CONSTANT_CONVERSION = YES;
				CLANG_WARN_DEPRECATED_OBJC_IMPLEMENTATIONS = YES;
				CLANG_WARN_DIRECT_OBJC_ISA_USAGE = YES_ERROR;
				CLANG_WARN_DOCUMENTATION_COMMENTS = YES;
				CLANG_WARN_EMPTY_BODY = YES;
				CLANG_WARN_ENUM_CONVERSION = YES;
				CLANG_WARN_INFINITE_RECURSION = YES;
				CLANG_WARN_INT_CONVERSION = YES;
				CLANG_WARN_NON_LITERAL_NULL_CONVERSION = YES;
				CLANG_WARN_OBJC_IMPLICIT_RETAIN_SELF = YES;
				CLANG_WARN_OBJC_LITERAL_CONVERSION = YES;
				CLANG_WARN_OBJC_ROOT_CLASS = YES_ERROR;
				CLANG_WARN_QUOTED_INCLUDE_IN_FRAMEWORK_HEADER = YES;
				CLANG_WARN_RANGE_LOOP_ANALYSIS = YES;
				CLANG_WARN_STRICT_PROTOTYPES = YES;
				CLANG_WARN_SUSPICIOUS_MOVE = YES;
				CLANG_WARN_UNGUARDED_AVAILABILITY = YES_AGGRESSIVE;
				CLANG_WARN_UNREACHABLE_CODE = YES;
				CLANG_WARN__DUPLICATE_METHOD_MATCH = YES;
				COPY_PHASE_STRIP = NO;
				DEBUG_INFORMATION_FORMAT = "dwarf-with-dsym";
				ENABLE_NS_ASSERTIONS = NO;
				ENABLE_STRICT_OBJC_MSGSEND = YES;
				GCC_C_LANGUAGE_STANDARD = gnu11;
				GCC_NO_COMMON_BLOCKS = YES;
				GCC_WARN_64_TO_32_BIT_CONVERSION = YES;
				GCC_WARN_ABOUT_RETURN_TYPE = YES_ERROR;
				GCC_WARN_UNDECLARED_SELECTOR = YES;
				GCC_WARN_UNINITIALIZED_AUTOS = YES_AGGRESSIVE;
				GCC_WARN_UNUSED_FUNCTION = YES;
				GCC_WARN_UNUSED_VARIABLE = YES;
				MTL_ENABLE_DEBUG_INFO = NO;
				MTL_FAST_MATH = YES;
				SWIFT_COMPILATION_MODE = wholemodule;
				SWIFT_OPTIMIZATION_LEVEL = "-O";
			};
			name = Release;
		};
		DE207691299C58F30059825D /* Debug */ = {
			isa = XCBuildConfiguration;
			buildSettings = {
				ASSETCATALOG_COMPILER_APPICON_NAME = AppIcon;
				ASSETCATALOG_COMPILER_GLOBAL_ACCENT_COLOR_NAME = AccentColor;
				CODE_SIGN_ENTITLEMENTS = Drawfully/Drawfully.entitlements;
				CODE_SIGN_IDENTITY = "Apple Development";
				"CODE_SIGN_IDENTITY[sdk=macosx*]" = "Apple Development";
				CODE_SIGN_STYLE = Automatic;
				CURRENT_PROJECT_VERSION = 1;
				DEVELOPMENT_ASSET_PATHS = "\"Drawfully/Preview Content\"";
				DEVELOPMENT_TEAM = 26423N59NT;
				ENABLE_HARDENED_RUNTIME = YES;
				ENABLE_PREVIEWS = YES;
				GENERATE_INFOPLIST_FILE = YES;
				INFOPLIST_FILE = Drawfully/Info.plist;
				INFOPLIST_KEY_NSCameraUsageDescription = "";
				INFOPLIST_KEY_NSPhotoLibraryUsageDescription = "";
				"INFOPLIST_KEY_UIApplicationSceneManifest_Generation[sdk=iphoneos*]" = YES;
				"INFOPLIST_KEY_UIApplicationSceneManifest_Generation[sdk=iphonesimulator*]" = YES;
				"INFOPLIST_KEY_UIApplicationSupportsIndirectInputEvents[sdk=iphoneos*]" = YES;
				"INFOPLIST_KEY_UIApplicationSupportsIndirectInputEvents[sdk=iphonesimulator*]" = YES;
				"INFOPLIST_KEY_UILaunchScreen_Generation[sdk=iphoneos*]" = YES;
				"INFOPLIST_KEY_UILaunchScreen_Generation[sdk=iphonesimulator*]" = YES;
				"INFOPLIST_KEY_UIStatusBarStyle[sdk=iphoneos*]" = UIStatusBarStyleDefault;
				"INFOPLIST_KEY_UIStatusBarStyle[sdk=iphonesimulator*]" = UIStatusBarStyleDefault;
				INFOPLIST_KEY_UISupportedInterfaceOrientations_iPad = "UIInterfaceOrientationPortrait UIInterfaceOrientationPortraitUpsideDown UIInterfaceOrientationLandscapeLeft UIInterfaceOrientationLandscapeRight";
				INFOPLIST_KEY_UISupportedInterfaceOrientations_iPhone = "UIInterfaceOrientationPortrait UIInterfaceOrientationLandscapeLeft UIInterfaceOrientationLandscapeRight";
				INFOPLIST_KEY_UIUserInterfaceStyle = Light;
				IPHONEOS_DEPLOYMENT_TARGET = 16.2;
				LD_RUNPATH_SEARCH_PATHS = "@executable_path/Frameworks";
				"LD_RUNPATH_SEARCH_PATHS[sdk=macosx*]" = "@executable_path/../Frameworks";
				MACOSX_DEPLOYMENT_TARGET = 13.1;
				MARKETING_VERSION = 1.0;
				PRODUCT_BUNDLE_IDENTIFIER = UNH.Drawfully;
				PRODUCT_NAME = "$(TARGET_NAME)";
				PROVISIONING_PROFILE_SPECIFIER = "";
				SDKROOT = auto;
				SUPPORTED_PLATFORMS = "iphoneos iphonesimulator macosx";
				SWIFT_EMIT_LOC_STRINGS = YES;
				SWIFT_VERSION = 5.0;
				TARGETED_DEVICE_FAMILY = "1,2";
			};
			name = Debug;
		};
		DE207692299C58F30059825D /* Release */ = {
			isa = XCBuildConfiguration;
			buildSettings = {
				ASSETCATALOG_COMPILER_APPICON_NAME = AppIcon;
				ASSETCATALOG_COMPILER_GLOBAL_ACCENT_COLOR_NAME = AccentColor;
				CODE_SIGN_ENTITLEMENTS = Drawfully/Drawfully.entitlements;
				CODE_SIGN_IDENTITY = "Apple Development";
				"CODE_SIGN_IDENTITY[sdk=macosx*]" = "Apple Development";
				CODE_SIGN_STYLE = Automatic;
				CURRENT_PROJECT_VERSION = 1;
				DEVELOPMENT_ASSET_PATHS = "\"Drawfully/Preview Content\"";
				DEVELOPMENT_TEAM = 26423N59NT;
				ENABLE_HARDENED_RUNTIME = YES;
				ENABLE_PREVIEWS = YES;
				GENERATE_INFOPLIST_FILE = YES;
				INFOPLIST_FILE = Drawfully/Info.plist;
				INFOPLIST_KEY_NSCameraUsageDescription = "";
				INFOPLIST_KEY_NSPhotoLibraryUsageDescription = "";
				"INFOPLIST_KEY_UIApplicationSceneManifest_Generation[sdk=iphoneos*]" = YES;
				"INFOPLIST_KEY_UIApplicationSceneManifest_Generation[sdk=iphonesimulator*]" = YES;
				"INFOPLIST_KEY_UIApplicationSupportsIndirectInputEvents[sdk=iphoneos*]" = YES;
				"INFOPLIST_KEY_UIApplicationSupportsIndirectInputEvents[sdk=iphonesimulator*]" = YES;
				"INFOPLIST_KEY_UILaunchScreen_Generation[sdk=iphoneos*]" = YES;
				"INFOPLIST_KEY_UILaunchScreen_Generation[sdk=iphonesimulator*]" = YES;
				"INFOPLIST_KEY_UIStatusBarStyle[sdk=iphoneos*]" = UIStatusBarStyleDefault;
				"INFOPLIST_KEY_UIStatusBarStyle[sdk=iphonesimulator*]" = UIStatusBarStyleDefault;
				INFOPLIST_KEY_UISupportedInterfaceOrientations_iPad = "UIInterfaceOrientationPortrait UIInterfaceOrientationPortraitUpsideDown UIInterfaceOrientationLandscapeLeft UIInterfaceOrientationLandscapeRight";
				INFOPLIST_KEY_UISupportedInterfaceOrientations_iPhone = "UIInterfaceOrientationPortrait UIInterfaceOrientationLandscapeLeft UIInterfaceOrientationLandscapeRight";
				INFOPLIST_KEY_UIUserInterfaceStyle = Light;
				IPHONEOS_DEPLOYMENT_TARGET = 16.2;
				LD_RUNPATH_SEARCH_PATHS = "@executable_path/Frameworks";
				"LD_RUNPATH_SEARCH_PATHS[sdk=macosx*]" = "@executable_path/../Frameworks";
				MACOSX_DEPLOYMENT_TARGET = 13.1;
				MARKETING_VERSION = 1.0;
				PRODUCT_BUNDLE_IDENTIFIER = "UNH.Drawfully-1";
				PRODUCT_NAME = "$(TARGET_NAME)";
				PROVISIONING_PROFILE_SPECIFIER = "";
				SDKROOT = auto;
				SUPPORTED_PLATFORMS = "iphoneos iphonesimulator macosx";
				SWIFT_EMIT_LOC_STRINGS = YES;
				SWIFT_VERSION = 5.0;
				TARGETED_DEVICE_FAMILY = "1,2";
			};
			name = Release;
		};
/* End XCBuildConfiguration section */

/* Begin XCConfigurationList section */
		DE20767C299C58F20059825D /* Build configuration list for PBXProject "Drawfully" */ = {
			isa = XCConfigurationList;
			buildConfigurations = (
				DE20768E299C58F30059825D /* Debug */,
				DE20768F299C58F30059825D /* Release */,
			);
			defaultConfigurationIsVisible = 0;
			defaultConfigurationName = Release;
		};
		DE207690299C58F30059825D /* Build configuration list for PBXNativeTarget "Drawfully" */ = {
			isa = XCConfigurationList;
			buildConfigurations = (
				DE207691299C58F30059825D /* Debug */,
				DE207692299C58F30059825D /* Release */,
			);
			defaultConfigurationIsVisible = 0;
			defaultConfigurationName = Release;
		};
/* End XCConfigurationList section */

/* Begin XCRemoteSwiftPackageReference section */
		DE207695299C5A470059825D /* XCRemoteSwiftPackageReference "firebase-ios-sdk" */ = {
			isa = XCRemoteSwiftPackageReference;
			repositoryURL = "https://github.com/firebase/firebase-ios-sdk";
			requirement = {
				branch = master;
				kind = branch;
			};
		};
		DE28053629C8AC8F00207866 /* XCRemoteSwiftPackageReference "DeviceKit" */ = {
			isa = XCRemoteSwiftPackageReference;
			repositoryURL = "https://github.com/devicekit/DeviceKit";
			requirement = {
				kind = upToNextMajorVersion;
				minimumVersion = 5.0.0;
			};
		};
		DEE9BEF429B339E000F37FF4 /* XCRemoteSwiftPackageReference "SimpleToast" */ = {
			isa = XCRemoteSwiftPackageReference;
			repositoryURL = "https://github.com/sanzaru/SimpleToast";
			requirement = {
				kind = upToNextMajorVersion;
				minimumVersion = 0.6.2;
			};
		};
		DEEA8F2E29DFC0F900287C37 /* XCRemoteSwiftPackageReference "SDWebImageSwiftUI" */ = {
			isa = XCRemoteSwiftPackageReference;
			repositoryURL = "https://github.com/SDWebImage/SDWebImageSwiftUI";
			requirement = {
				kind = upToNextMajorVersion;
				minimumVersion = 2.0.0;
			};
		};
/* End XCRemoteSwiftPackageReference section */

/* Begin XCSwiftPackageProductDependency section */
		DE207696299C5A470059825D /* FirebaseAnalytics */ = {
			isa = XCSwiftPackageProductDependency;
			package = DE207695299C5A470059825D /* XCRemoteSwiftPackageReference "firebase-ios-sdk" */;
			productName = FirebaseAnalytics;
		};
		DE207698299C5A470059825D /* FirebaseAuth */ = {
			isa = XCSwiftPackageProductDependency;
			package = DE207695299C5A470059825D /* XCRemoteSwiftPackageReference "firebase-ios-sdk" */;
			productName = FirebaseAuth;
		};
		DE20769A299C5A470059825D /* FirebaseAuthCombine-Community */ = {
			isa = XCSwiftPackageProductDependency;
			package = DE207695299C5A470059825D /* XCRemoteSwiftPackageReference "firebase-ios-sdk" */;
			productName = "FirebaseAuthCombine-Community";
		};
		DE20769C299C5A470059825D /* FirebaseDatabase */ = {
			isa = XCSwiftPackageProductDependency;
			package = DE207695299C5A470059825D /* XCRemoteSwiftPackageReference "firebase-ios-sdk" */;
			productName = FirebaseDatabase;
		};
		DE20769E299C5A470059825D /* FirebaseDatabaseSwift */ = {
			isa = XCSwiftPackageProductDependency;
			package = DE207695299C5A470059825D /* XCRemoteSwiftPackageReference "firebase-ios-sdk" */;
			productName = FirebaseDatabaseSwift;
		};
		DE2076A0299C5A470059825D /* FirebaseFirestore */ = {
			isa = XCSwiftPackageProductDependency;
			package = DE207695299C5A470059825D /* XCRemoteSwiftPackageReference "firebase-ios-sdk" */;
			productName = FirebaseFirestore;
		};
		DE2076A2299C5A470059825D /* FirebaseFirestoreCombine-Community */ = {
			isa = XCSwiftPackageProductDependency;
			package = DE207695299C5A470059825D /* XCRemoteSwiftPackageReference "firebase-ios-sdk" */;
			productName = "FirebaseFirestoreCombine-Community";
		};
		DE2076A4299C5A470059825D /* FirebaseFirestoreSwift */ = {
			isa = XCSwiftPackageProductDependency;
			package = DE207695299C5A470059825D /* XCRemoteSwiftPackageReference "firebase-ios-sdk" */;
			productName = FirebaseFirestoreSwift;
		};
		DE2076A6299C5A470059825D /* FirebaseFunctionsCombine-Community */ = {
			isa = XCSwiftPackageProductDependency;
			package = DE207695299C5A470059825D /* XCRemoteSwiftPackageReference "firebase-ios-sdk" */;
			productName = "FirebaseFunctionsCombine-Community";
		};
		DE2076A8299C5A480059825D /* FirebaseMessaging */ = {
			isa = XCSwiftPackageProductDependency;
			package = DE207695299C5A470059825D /* XCRemoteSwiftPackageReference "firebase-ios-sdk" */;
			productName = FirebaseMessaging;
		};
		DE2076AA299C5A480059825D /* FirebaseStorage */ = {
			isa = XCSwiftPackageProductDependency;
			package = DE207695299C5A470059825D /* XCRemoteSwiftPackageReference "firebase-ios-sdk" */;
			productName = FirebaseStorage;
		};
		DE2076AC299C5A480059825D /* FirebaseStorageCombine-Community */ = {
			isa = XCSwiftPackageProductDependency;
			package = DE207695299C5A470059825D /* XCRemoteSwiftPackageReference "firebase-ios-sdk" */;
			productName = "FirebaseStorageCombine-Community";
		};
		DE28053729C8AC8F00207866 /* DeviceKit */ = {
			isa = XCSwiftPackageProductDependency;
			package = DE28053629C8AC8F00207866 /* XCRemoteSwiftPackageReference "DeviceKit" */;
			productName = DeviceKit;
		};
		DEE9BEF529B339E000F37FF4 /* SimpleToast */ = {
			isa = XCSwiftPackageProductDependency;
			package = DEE9BEF429B339E000F37FF4 /* XCRemoteSwiftPackageReference "SimpleToast" */;
			productName = SimpleToast;
		};
		DEEA8F2F29DFC0F900287C37 /* SDWebImageSwiftUI */ = {
			isa = XCSwiftPackageProductDependency;
			package = DEEA8F2E29DFC0F900287C37 /* XCRemoteSwiftPackageReference "SDWebImageSwiftUI" */;
			productName = SDWebImageSwiftUI;
		};
/* End XCSwiftPackageProductDependency section */
	};
	rootObject = DE207679299C58F20059825D /* Project object */;
}
